{
  "name": "ts-bug",
  "version": "1.0.0",
  "lockfileVersion": 1,
  "requires": true,
  "dependencies": {
    "@ryyppy/rescript-promise": {
      "version": "2.1.0",
      "resolved": "https://registry.npmjs.org/@ryyppy/rescript-promise/-/rescript-promise-2.1.0.tgz",
      "integrity": "sha512-+dW6msBrj2Lr2hbEMX+HoWCvN89qVjl94RwbYWJgHQuj8jm/izdPC0YzxgpGoEFdeAEW2sOozoLcYHxT6o5WXQ=="
    },
    "bs-aeson": {
      "version": "4.6.0",
      "resolved": "https://registry.npmjs.org/bs-aeson/-/bs-aeson-4.6.0.tgz",
      "integrity": "sha512-JcP9L6ZeUfhvbNgwUTfPh66lsE0BmBCGzYrPRL4pT5OCrYWyI9oweHwvh08Q6jU0Y/W4oU0GxpVI0ULR+wi1cQ==",
      "requires": {
        "bs-zarith": "^3.1.0"
      }
    },
    "bs-zarith": {
      "version": "3.1.0",
      "resolved": "https://registry.npmjs.org/bs-zarith/-/bs-zarith-3.1.0.tgz",
      "integrity": "sha512-RlOAC40DMBy/5i6nh1RP5URqQAoisKlzVf4JzcCHvIuwT1/DLc/60DcnFNU1lftgtdCBGuqyb6WyzJ+ycNDB8w=="
    },
    "gentype": {
      "version": "4.1.0",
      "resolved": "https://registry.npmjs.org/gentype/-/gentype-4.1.0.tgz",
      "integrity": "sha512-M3Dqd2tokJ7X1KLyMP0bqwk/TvOPI5hYW24j2Jy5RMToWfdKvdqoxWsMTWuPxWauSi/CBQjJS/AOhqsd0Sy1Mw==",
      "dev": true
    },
    "rescript": {
      "version": "9.1.4",
      "resolved": "https://registry.npmjs.org/rescript/-/rescript-9.1.4.tgz",
      "integrity": "sha512-aXANK4IqecJzdnDpJUsU6pxMViCR5ogAxzuqS0mOr8TloMnzAjJFu63fjD6LCkWrKAhlMkFFzQvVQYaAaVkFXw==",
      "dev": true
    },
    "typescript": {
      "version": "4.4.2",
      "resolved": "https://registry.npmjs.org/typescript/-/typescript-4.4.2.tgz",
      "integrity": "sha512-gzP+t5W4hdy4c+68bfcv0t400HVJMMd2+H9B7gae1nQlBzCqvrXX+6GL/b3GAgyTH966pzrZ70/fRjwAtZksSQ==",
      "dev": true
    }
  }
}
